// !$*UTF8*$!
{
	archiveVersion = 1;
	classes = {
	};
	objectVersion = 52;
	objects = {

/* Begin PBXBuildFile section */
		AB426C992577AD5600B6625A /* AppDelegate.swift in Sources */ = {isa = PBXBuildFile; fileRef = AB426C982577AD5600B6625A /* AppDelegate.swift */; };
		AB426C9B2577AD5600B6625A /* SceneDelegate.swift in Sources */ = {isa = PBXBuildFile; fileRef = AB426C9A2577AD5600B6625A /* SceneDelegate.swift */; };
		AB426C9D2577AD5600B6625A /* HomeView.swift in Sources */ = {isa = PBXBuildFile; fileRef = AB426C9C2577AD5600B6625A /* HomeView.swift */; };
		AB426C9F2577AD5800B6625A /* Assets.xcassets in Resources */ = {isa = PBXBuildFile; fileRef = AB426C9E2577AD5800B6625A /* Assets.xcassets */; };
		AB426CA22577AD5800B6625A /* Preview Assets.xcassets in Resources */ = {isa = PBXBuildFile; fileRef = AB426CA12577AD5800B6625A /* Preview Assets.xcassets */; };
		AB426CA52577AD5800B6625A /* LaunchScreen.storyboard in Resources */ = {isa = PBXBuildFile; fileRef = AB426CA32577AD5800B6625A /* LaunchScreen.storyboard */; };
		AB426CAE2577AD9000B6625A /* GoogleService-Info.plist in Resources */ = {isa = PBXBuildFile; fileRef = AB426CAD2577AD9000B6625A /* GoogleService-Info.plist */; };
		AB426CB32577AE5A00B6625A /* KingfisherSwiftUI in Frameworks */ = {isa = PBXBuildFile; productRef = AB426CB22577AE5A00B6625A /* KingfisherSwiftUI */; };
		AB426CD32577B5D300B6625A /* FirebaseReference.swift in Sources */ = {isa = PBXBuildFile; fileRef = AB426CD22577B5D300B6625A /* FirebaseReference.swift */; };
		AB426CD62577B66A00B6625A /* Constants.swift in Sources */ = {isa = PBXBuildFile; fileRef = AB426CD52577B66A00B6625A /* Constants.swift */; };
		AB426CDB2577B6FD00B6625A /* ProductIndexView.swift in Sources */ = {isa = PBXBuildFile; fileRef = AB426CDA2577B6FD00B6625A /* ProductIndexView.swift */; };
		AB426CDE2577B72A00B6625A /* ProductNewRecord.swift in Sources */ = {isa = PBXBuildFile; fileRef = AB426CDD2577B72A00B6625A /* ProductNewRecord.swift */; };
		AB426CE12577B73A00B6625A /* ProductUpdateRecord.swift in Sources */ = {isa = PBXBuildFile; fileRef = AB426CE02577B73A00B6625A /* ProductUpdateRecord.swift */; };
		AB426CE52577B76B00B6625A /* ProductModel.swift in Sources */ = {isa = PBXBuildFile; fileRef = AB426CE42577B76B00B6625A /* ProductModel.swift */; };
		AB426CEA2577B79800B6625A /* ProductListener.swift in Sources */ = {isa = PBXBuildFile; fileRef = AB426CE92577B79800B6625A /* ProductListener.swift */; };
		AB426CEE2577B7BD00B6625A /* SampleView.swift in Sources */ = {isa = PBXBuildFile; fileRef = AB426CED2577B7BD00B6625A /* SampleView.swift */; };
		AB426CF12577B7FB00B6625A /* PopupInfoView.swift in Sources */ = {isa = PBXBuildFile; fileRef = AB426CF02577B7FB00B6625A /* PopupInfoView.swift */; };
		AB426CF42577C93F00B6625A /* Extension.swift in Sources */ = {isa = PBXBuildFile; fileRef = AB426CF32577C93F00B6625A /* Extension.swift */; };
		AB426CF72577CAA600B6625A /* ImagePicker.swift in Sources */ = {isa = PBXBuildFile; fileRef = AB426CF62577CAA600B6625A /* ImagePicker.swift */; };
		AB426CFA2577CAD800B6625A /* ProductForm.swift in Sources */ = {isa = PBXBuildFile; fileRef = AB426CF92577CAD800B6625A /* ProductForm.swift */; };
		AB426CFD2577D75000B6625A /* FileStorage.swift in Sources */ = {isa = PBXBuildFile; fileRef = AB426CFC2577D75000B6625A /* FileStorage.swift */; };
		AB426D012577F3F100B6625A /* ConfirmationView.swift in Sources */ = {isa = PBXBuildFile; fileRef = AB426D002577F3F100B6625A /* ConfirmationView.swift */; };
		E86102D6FE75FEBE462A25B4 /* Pods_swiftUI_Simple_CMS.framework in Frameworks */ = {isa = PBXBuildFile; fileRef = E538BA93B2ACEAAF871192C5 /* Pods_swiftUI_Simple_CMS.framework */; };
/* End PBXBuildFile section */

/* Begin PBXFileReference section */
		AB426C952577AD5600B6625A /* swiftUI-Simple-CMS.app */ = {isa = PBXFileReference; explicitFileType = wrapper.application; includeInIndex = 0; path = "swiftUI-Simple-CMS.app"; sourceTree = BUILT_PRODUCTS_DIR; };
		AB426C982577AD5600B6625A /* AppDelegate.swift */ = {isa = PBXFileReference; lastKnownFileType = sourcecode.swift; path = AppDelegate.swift; sourceTree = "<group>"; };
		AB426C9A2577AD5600B6625A /* SceneDelegate.swift */ = {isa = PBXFileReference; lastKnownFileType = sourcecode.swift; path = SceneDelegate.swift; sourceTree = "<group>"; };
		AB426C9C2577AD5600B6625A /* HomeView.swift */ = {isa = PBXFileReference; lastKnownFileType = sourcecode.swift; path = HomeView.swift; sourceTree = "<group>"; };
		AB426C9E2577AD5800B6625A /* Assets.xcassets */ = {isa = PBXFileReference; lastKnownFileType = folder.assetcatalog; path = Assets.xcassets; sourceTree = "<group>"; };
		AB426CA12577AD5800B6625A /* Preview Assets.xcassets */ = {isa = PBXFileReference; lastKnownFileType = folder.assetcatalog; path = "Preview Assets.xcassets"; sourceTree = "<group>"; };
		AB426CA42577AD5800B6625A /* Base */ = {isa = PBXFileReference; lastKnownFileType = file.storyboard; name = Base; path = Base.lproj/LaunchScreen.storyboard; sourceTree = "<group>"; };
		AB426CA62577AD5800B6625A /* Info.plist */ = {isa = PBXFileReference; lastKnownFileType = text.plist.xml; path = Info.plist; sourceTree = "<group>"; };
		AB426CAD2577AD9000B6625A /* GoogleService-Info.plist */ = {isa = PBXFileReference; fileEncoding = 4; lastKnownFileType = text.plist.xml; path = "GoogleService-Info.plist"; sourceTree = "<group>"; };
		AB426CD22577B5D300B6625A /* FirebaseReference.swift */ = {isa = PBXFileReference; lastKnownFileType = sourcecode.swift; path = FirebaseReference.swift; sourceTree = "<group>"; };
		AB426CD52577B66A00B6625A /* Constants.swift */ = {isa = PBXFileReference; lastKnownFileType = sourcecode.swift; path = Constants.swift; sourceTree = "<group>"; };
		AB426CDA2577B6FD00B6625A /* ProductIndexView.swift */ = {isa = PBXFileReference; lastKnownFileType = sourcecode.swift; path = ProductIndexView.swift; sourceTree = "<group>"; };
		AB426CDD2577B72A00B6625A /* ProductNewRecord.swift */ = {isa = PBXFileReference; lastKnownFileType = sourcecode.swift; path = ProductNewRecord.swift; sourceTree = "<group>"; };
		AB426CE02577B73A00B6625A /* ProductUpdateRecord.swift */ = {isa = PBXFileReference; lastKnownFileType = sourcecode.swift; path = ProductUpdateRecord.swift; sourceTree = "<group>"; };
		AB426CE42577B76B00B6625A /* ProductModel.swift */ = {isa = PBXFileReference; lastKnownFileType = sourcecode.swift; path = ProductModel.swift; sourceTree = "<group>"; };
		AB426CE92577B79800B6625A /* ProductListener.swift */ = {isa = PBXFileReference; lastKnownFileType = sourcecode.swift; path = ProductListener.swift; sourceTree = "<group>"; };
		AB426CED2577B7BD00B6625A /* SampleView.swift */ = {isa = PBXFileReference; lastKnownFileType = sourcecode.swift; name = SampleView.swift; path = "swiftUI-Simple-CMS/iOS/Product/SampleView.swift"; sourceTree = SOURCE_ROOT; };
		AB426CF02577B7FB00B6625A /* PopupInfoView.swift */ = {isa = PBXFileReference; lastKnownFileType = sourcecode.swift; path = PopupInfoView.swift; sourceTree = "<group>"; };
		AB426CF32577C93F00B6625A /* Extension.swift */ = {isa = PBXFileReference; lastKnownFileType = sourcecode.swift; path = Extension.swift; sourceTree = "<group>"; };
		AB426CF62577CAA600B6625A /* ImagePicker.swift */ = {isa = PBXFileReference; lastKnownFileType = sourcecode.swift; path = ImagePicker.swift; sourceTree = "<group>"; };
		AB426CF92577CAD800B6625A /* ProductForm.swift */ = {isa = PBXFileReference; lastKnownFileType = sourcecode.swift; path = ProductForm.swift; sourceTree = "<group>"; };
		AB426CFC2577D75000B6625A /* FileStorage.swift */ = {isa = PBXFileReference; lastKnownFileType = sourcecode.swift; path = FileStorage.swift; sourceTree = "<group>"; };
		AB426D002577F3F100B6625A /* ConfirmationView.swift */ = {isa = PBXFileReference; lastKnownFileType = sourcecode.swift; path = ConfirmationView.swift; sourceTree = "<group>"; };
		B45C42F7889BB085491C0C1A /* Pods-swiftUI-Simple-CMS.release.xcconfig */ = {isa = PBXFileReference; includeInIndex = 1; lastKnownFileType = text.xcconfig; name = "Pods-swiftUI-Simple-CMS.release.xcconfig"; path = "Target Support Files/Pods-swiftUI-Simple-CMS/Pods-swiftUI-Simple-CMS.release.xcconfig"; sourceTree = "<group>"; };
		BD56E6BE604995C4D430E148 /* Pods-swiftUI-Simple-CMS.debug.xcconfig */ = {isa = PBXFileReference; includeInIndex = 1; lastKnownFileType = text.xcconfig; name = "Pods-swiftUI-Simple-CMS.debug.xcconfig"; path = "Target Support Files/Pods-swiftUI-Simple-CMS/Pods-swiftUI-Simple-CMS.debug.xcconfig"; sourceTree = "<group>"; };
		E538BA93B2ACEAAF871192C5 /* Pods_swiftUI_Simple_CMS.framework */ = {isa = PBXFileReference; explicitFileType = wrapper.framework; includeInIndex = 0; path = Pods_swiftUI_Simple_CMS.framework; sourceTree = BUILT_PRODUCTS_DIR; };
/* End PBXFileReference section */

/* Begin PBXFrameworksBuildPhase section */
		AB426C922577AD5600B6625A /* Frameworks */ = {
			isa = PBXFrameworksBuildPhase;
			buildActionMask = 2147483647;
			files = (
				AB426CB32577AE5A00B6625A /* KingfisherSwiftUI in Frameworks */,
				E86102D6FE75FEBE462A25B4 /* Pods_swiftUI_Simple_CMS.framework in Frameworks */,
			);
			runOnlyForDeploymentPostprocessing = 0;
		};
/* End PBXFrameworksBuildPhase section */

/* Begin PBXGroup section */
		8735A5B4ACDC225D742E2F01 /* Pods */ = {
			isa = PBXGroup;
			children = (
				BD56E6BE604995C4D430E148 /* Pods-swiftUI-Simple-CMS.debug.xcconfig */,
				B45C42F7889BB085491C0C1A /* Pods-swiftUI-Simple-CMS.release.xcconfig */,
			);
			path = Pods;
			sourceTree = "<group>";
		};
		AB426C8C2577AD5600B6625A = {
			isa = PBXGroup;
			children = (
				AB426C972577AD5600B6625A /* swiftUI-Simple-CMS */,
				AB426C962577AD5600B6625A /* Products */,
				8735A5B4ACDC225D742E2F01 /* Pods */,
				D243010863D0A63AFC6DBEF2 /* Frameworks */,
			);
			sourceTree = "<group>";
		};
		AB426C962577AD5600B6625A /* Products */ = {
			isa = PBXGroup;
			children = (
				AB426C952577AD5600B6625A /* swiftUI-Simple-CMS.app */,
			);
			name = Products;
			sourceTree = "<group>";
		};
		AB426C972577AD5600B6625A /* swiftUI-Simple-CMS */ = {
			isa = PBXGroup;
			children = (
				AB426CCB2577B43C00B6625A /* Share */,
				AB426CCC2577B46600B6625A /* iOS */,
				AB426C9C2577AD5600B6625A /* HomeView.swift */,
				AB426CCD2577B46F00B6625A /* macOS */,
				AB426CA62577AD5800B6625A /* Info.plist */,
				AB426CA02577AD5800B6625A /* Preview Content */,
			);
			path = "swiftUI-Simple-CMS";
			sourceTree = "<group>";
		};
		AB426CA02577AD5800B6625A /* Preview Content */ = {
			isa = PBXGroup;
			children = (
				AB426CA12577AD5800B6625A /* Preview Assets.xcassets */,
			);
			path = "Preview Content";
			sourceTree = "<group>";
		};
		AB426CCB2577B43C00B6625A /* Share */ = {
			isa = PBXGroup;
			children = (
				AB426CD02577B4EA00B6625A /* Helpers */,
				AB426CCF2577B4BF00B6625A /* FirebaseListeners */,
				AB426CCE2577B4B100B6625A /* Model */,
				AB426C982577AD5600B6625A /* AppDelegate.swift */,
				AB426C9A2577AD5600B6625A /* SceneDelegate.swift */,
				AB426C9E2577AD5800B6625A /* Assets.xcassets */,
				AB426CA32577AD5800B6625A /* LaunchScreen.storyboard */,
				AB426CAD2577AD9000B6625A /* GoogleService-Info.plist */,
			);
			path = Share;
			sourceTree = "<group>";
		};
		AB426CCC2577B46600B6625A /* iOS */ = {
			isa = PBXGroup;
			children = (
				AB426CD92577B6E200B6625A /* Product */,
				AB426CE32577B74200B6625A /* HelperView */,
			);
			path = iOS;
			sourceTree = "<group>";
		};
		AB426CCD2577B46F00B6625A /* macOS */ = {
			isa = PBXGroup;
			children = (
			);
			path = macOS;
			sourceTree = "<group>";
		};
		AB426CCE2577B4B100B6625A /* Model */ = {
			isa = PBXGroup;
			children = (
				AB426CE82577B77700B6625A /* ModelListeners */,
				AB426CE42577B76B00B6625A /* ProductModel.swift */,
			);
			path = Model;
			sourceTree = "<group>";
		};
		AB426CCF2577B4BF00B6625A /* FirebaseListeners */ = {
			isa = PBXGroup;
			children = (
				AB426CD22577B5D300B6625A /* FirebaseReference.swift */,
				AB426CFC2577D75000B6625A /* FileStorage.swift */,
			);
			path = FirebaseListeners;
			sourceTree = "<group>";
		};
		AB426CD02577B4EA00B6625A /* Helpers */ = {
			isa = PBXGroup;
			children = (
				AB426CD52577B66A00B6625A /* Constants.swift */,
				AB426CF32577C93F00B6625A /* Extension.swift */,
			);
			path = Helpers;
			sourceTree = "<group>";
		};
		AB426CD92577B6E200B6625A /* Product */ = {
			isa = PBXGroup;
			children = (
				AB426CDA2577B6FD00B6625A /* ProductIndexView.swift */,
				AB426CDD2577B72A00B6625A /* ProductNewRecord.swift */,
				AB426CE02577B73A00B6625A /* ProductUpdateRecord.swift */,
				AB426CF92577CAD800B6625A /* ProductForm.swift */,
			);
			path = Product;
			sourceTree = "<group>";
		};
		AB426CE32577B74200B6625A /* HelperView */ = {
			isa = PBXGroup;
			children = (
				AB426CED2577B7BD00B6625A /* SampleView.swift */,
				AB426CF02577B7FB00B6625A /* PopupInfoView.swift */,
				AB426CF62577CAA600B6625A /* ImagePicker.swift */,
				AB426D002577F3F100B6625A /* ConfirmationView.swift */,
			);
			path = HelperView;
			sourceTree = "<group>";
		};
		AB426CE82577B77700B6625A /* ModelListeners */ = {
			isa = PBXGroup;
			children = (
				AB426CE92577B79800B6625A /* ProductListener.swift */,
			);
			path = ModelListeners;
			sourceTree = "<group>";
		};
		D243010863D0A63AFC6DBEF2 /* Frameworks */ = {
			isa = PBXGroup;
			children = (
				E538BA93B2ACEAAF871192C5 /* Pods_swiftUI_Simple_CMS.framework */,
			);
			name = Frameworks;
			sourceTree = "<group>";
		};
/* End PBXGroup section */

/* Begin PBXNativeTarget section */
		AB426C942577AD5600B6625A /* swiftUI-Simple-CMS */ = {
			isa = PBXNativeTarget;
			buildConfigurationList = AB426CA92577AD5800B6625A /* Build configuration list for PBXNativeTarget "swiftUI-Simple-CMS" */;
			buildPhases = (
				262EF6D5EA3ABB71905761E3 /* [CP] Check Pods Manifest.lock */,
				AB426C912577AD5600B6625A /* Sources */,
				AB426C922577AD5600B6625A /* Frameworks */,
				AB426C932577AD5600B6625A /* Resources */,
				A3B73170A825F892A77FBA8E /* [CP] Embed Pods Frameworks */,
			);
			buildRules = (
			);
			dependencies = (
			);
			name = "swiftUI-Simple-CMS";
			packageProductDependencies = (
				AB426CB22577AE5A00B6625A /* KingfisherSwiftUI */,
			);
			productName = "swiftUI-Simple-CMS";
			productReference = AB426C952577AD5600B6625A /* swiftUI-Simple-CMS.app */;
			productType = "com.apple.product-type.application";
		};
/* End PBXNativeTarget section */

/* Begin PBXProject section */
		AB426C8D2577AD5600B6625A /* Project object */ = {
			isa = PBXProject;
			attributes = {
				LastSwiftUpdateCheck = 1220;
				LastUpgradeCheck = 1220;
				TargetAttributes = {
					AB426C942577AD5600B6625A = {
						CreatedOnToolsVersion = 12.2;
					};
				};
			};
			buildConfigurationList = AB426C902577AD5600B6625A /* Build configuration list for PBXProject "swiftUI-Simple-CMS" */;
			compatibilityVersion = "Xcode 9.3";
			developmentRegion = en;
			hasScannedForEncodings = 0;
			knownRegions = (
				en,
				Base,
			);
			mainGroup = AB426C8C2577AD5600B6625A;
			packageReferences = (
				AB426CB12577AE5A00B6625A /* XCRemoteSwiftPackageReference "Kingfisher" */,
			);
			productRefGroup = AB426C962577AD5600B6625A /* Products */;
			projectDirPath = "";
			projectRoot = "";
			targets = (
				AB426C942577AD5600B6625A /* swiftUI-Simple-CMS */,
			);
		};
/* End PBXProject section */

/* Begin PBXResourcesBuildPhase section */
		AB426C932577AD5600B6625A /* Resources */ = {
			isa = PBXResourcesBuildPhase;
			buildActionMask = 2147483647;
			files = (
				AB426CA52577AD5800B6625A /* LaunchScreen.storyboard in Resources */,
				AB426CAE2577AD9000B6625A /* GoogleService-Info.plist in Resources */,
				AB426CA22577AD5800B6625A /* Preview Assets.xcassets in Resources */,
				AB426C9F2577AD5800B6625A /* Assets.xcassets in Resources */,
			);
			runOnlyForDeploymentPostprocessing = 0;
		};
/* End PBXResourcesBuildPhase section */

/* Begin PBXShellScriptBuildPhase section */
		262EF6D5EA3ABB71905761E3 /* [CP] Check Pods Manifest.lock */ = {
			isa = PBXShellScriptBuildPhase;
			buildActionMask = 2147483647;
			files = (
			);
			inputFileListPaths = (
			);
			inputPaths = (
				"${PODS_PODFILE_DIR_PATH}/Podfile.lock",
				"${PODS_ROOT}/Manifest.lock",
			);
			name = "[CP] Check Pods Manifest.lock";
			outputFileListPaths = (
			);
			outputPaths = (
				"$(DERIVED_FILE_DIR)/Pods-swiftUI-Simple-CMS-checkManifestLockResult.txt",
			);
			runOnlyForDeploymentPostprocessing = 0;
			shellPath = /bin/sh;
			shellScript = "diff \"${PODS_PODFILE_DIR_PATH}/Podfile.lock\" \"${PODS_ROOT}/Manifest.lock\" > /dev/null\nif [ $? != 0 ] ; then\n    # print error to STDERR\n    echo \"error: The sandbox is not in sync with the Podfile.lock. Run 'pod install' or update your CocoaPods installation.\" >&2\n    exit 1\nfi\n# This output is used by Xcode 'outputs' to avoid re-running this script phase.\necho \"SUCCESS\" > \"${SCRIPT_OUTPUT_FILE_0}\"\n";
			showEnvVarsInLog = 0;
		};
		A3B73170A825F892A77FBA8E /* [CP] Embed Pods Frameworks */ = {
			isa = PBXShellScriptBuildPhase;
			buildActionMask = 2147483647;
			files = (
			);
			inputFileListPaths = (
				"${PODS_ROOT}/Target Support Files/Pods-swiftUI-Simple-CMS/Pods-swiftUI-Simple-CMS-frameworks-${CONFIGURATION}-input-files.xcfilelist",
			);
			name = "[CP] Embed Pods Frameworks";
			outputFileListPaths = (
				"${PODS_ROOT}/Target Support Files/Pods-swiftUI-Simple-CMS/Pods-swiftUI-Simple-CMS-frameworks-${CONFIGURATION}-output-files.xcfilelist",
			);
			runOnlyForDeploymentPostprocessing = 0;
			shellPath = /bin/sh;
			shellScript = "\"${PODS_ROOT}/Target Support Files/Pods-swiftUI-Simple-CMS/Pods-swiftUI-Simple-CMS-frameworks.sh\"\n";
			showEnvVarsInLog = 0;
		};
/* End PBXShellScriptBuildPhase section */

/* Begin PBXSourcesBuildPhase section */
		AB426C912577AD5600B6625A /* Sources */ = {
			isa = PBXSourcesBuildPhase;
			buildActionMask = 2147483647;
			files = (
				AB426CD62577B66A00B6625A /* Constants.swift in Sources */,
				AB426C992577AD5600B6625A /* AppDelegate.swift in Sources */,
				AB426C9B2577AD5600B6625A /* SceneDelegate.swift in Sources */,
				AB426CF72577CAA600B6625A /* ImagePicker.swift in Sources */,
				AB426CD32577B5D300B6625A /* FirebaseReference.swift in Sources */,
				AB426CEE2577B7BD00B6625A /* SampleView.swift in Sources */,
				AB426CFA2577CAD800B6625A /* ProductForm.swift in Sources */,
				AB426CFD2577D75000B6625A /* FileStorage.swift in Sources */,
				AB426CE52577B76B00B6625A /* ProductModel.swift in Sources */,
				AB426CDE2577B72A00B6625A /* ProductNewRecord.swift in Sources */,
				AB426C9D2577AD5600B6625A /* HomeView.swift in Sources */,
				AB426CDB2577B6FD00B6625A /* ProductIndexView.swift in Sources */,
				AB426D012577F3F100B6625A /* ConfirmationView.swift in Sources */,
				AB426CF42577C93F00B6625A /* Extension.swift in Sources */,
				AB426CF12577B7FB00B6625A /* PopupInfoView.swift in Sources */,
				AB426CE12577B73A00B6625A /* ProductUpdateRecord.swift in Sources */,
				AB426CEA2577B79800B6625A /* ProductListener.swift in Sources */,
			);
			runOnlyForDeploymentPostprocessing = 0;
		};
/* End PBXSourcesBuildPhase section */

/* Begin PBXVariantGroup section */
		AB426CA32577AD5800B6625A /* LaunchScreen.storyboard */ = {
			isa = PBXVariantGroup;
			children = (
				AB426CA42577AD5800B6625A /* Base */,
			);
			name = LaunchScreen.storyboard;
			sourceTree = "<group>";
		};
/* End PBXVariantGroup section */

/* Begin XCBuildConfiguration section */
		AB426CA72577AD5800B6625A /* Debug */ = {
			isa = XCBuildConfiguration;
			buildSettings = {
				ALWAYS_SEARCH_USER_PATHS = NO;
				CLANG_ANALYZER_NONNULL = YES;
				CLANG_ANALYZER_NUMBER_OBJECT_CONVERSION = YES_AGGRESSIVE;
				CLANG_CXX_LANGUAGE_STANDARD = "gnu++14";
				CLANG_CXX_LIBRARY = "libc++";
				CLANG_ENABLE_MODULES = YES;
				CLANG_ENABLE_OBJC_ARC = YES;
				CLANG_ENABLE_OBJC_WEAK = YES;
				CLANG_WARN_BLOCK_CAPTURE_AUTORELEASING = YES;
				CLANG_WARN_BOOL_CONVERSION = YES;
				CLANG_WARN_COMMA = YES;
				CLANG_WARN_CONSTANT_CONVERSION = YES;
				CLANG_WARN_DEPRECATED_OBJC_IMPLEMENTATIONS = YES;
				CLANG_WARN_DIRECT_OBJC_ISA_USAGE = YES_ERROR;
				CLANG_WARN_DOCUMENTATION_COMMENTS = YES;
				CLANG_WARN_EMPTY_BODY = YES;
				CLANG_WARN_ENUM_CONVERSION = YES;
				CLANG_WARN_INFINITE_RECURSION = YES;
				CLANG_WARN_INT_CONVERSION = YES;
				CLANG_WARN_NON_LITERAL_NULL_CONVERSION = YES;
				CLANG_WARN_OBJC_IMPLICIT_RETAIN_SELF = YES;
				CLANG_WARN_OBJC_LITERAL_CONVERSION = YES;
				CLANG_WARN_OBJC_ROOT_CLASS = YES_ERROR;
				CLANG_WARN_QUOTED_INCLUDE_IN_FRAMEWORK_HEADER = YES;
				CLANG_WARN_RANGE_LOOP_ANALYSIS = YES;
				CLANG_WARN_STRICT_PROTOTYPES = YES;
				CLANG_WARN_SUSPICIOUS_MOVE = YES;
				CLANG_WARN_UNGUARDED_AVAILABILITY = YES_AGGRESSIVE;
				CLANG_WARN_UNREACHABLE_CODE = YES;
				CLANG_WARN__DUPLICATE_METHOD_MATCH = YES;
				COPY_PHASE_STRIP = NO;
				DEBUG_INFORMATION_FORMAT = dwarf;
				ENABLE_STRICT_OBJC_MSGSEND = YES;
				ENABLE_TESTABILITY = YES;
				GCC_C_LANGUAGE_STANDARD = gnu11;
				GCC_DYNAMIC_NO_PIC = NO;
				GCC_NO_COMMON_BLOCKS = YES;
				GCC_OPTIMIZATION_LEVEL = 0;
				GCC_PREPROCESSOR_DEFINITIONS = (
					"DEBUG=1",
					"$(inherited)",
				);
				GCC_WARN_64_TO_32_BIT_CONVERSION = YES;
				GCC_WARN_ABOUT_RETURN_TYPE = YES_ERROR;
				GCC_WARN_UNDECLARED_SELECTOR = YES;
				GCC_WARN_UNINITIALIZED_AUTOS = YES_AGGRESSIVE;
				GCC_WARN_UNUSED_FUNCTION = YES;
				GCC_WARN_UNUSED_VARIABLE = YES;
				IPHONEOS_DEPLOYMENT_TARGET = 14.2;
				MTL_ENABLE_DEBUG_INFO = INCLUDE_SOURCE;
				MTL_FAST_MATH = YES;
				ONLY_ACTIVE_ARCH = YES;
				SDKROOT = iphoneos;
				SWIFT_ACTIVE_COMPILATION_CONDITIONS = DEBUG;
				SWIFT_OPTIMIZATION_LEVEL = "-Onone";
			};
			name = Debug;
		};
		AB426CA82577AD5800B6625A /* Release */ = {
			isa = XCBuildConfiguration;
			buildSettings = {
				ALWAYS_SEARCH_USER_PATHS = NO;
				CLANG_ANALYZER_NONNULL = YES;
				CLANG_ANALYZER_NUMBER_OBJECT_CONVERSION = YES_AGGRESSIVE;
				CLANG_CXX_LANGUAGE_STANDARD = "gnu++14";
				CLANG_CXX_LIBRARY = "libc++";
				CLANG_ENABLE_MODULES = YES;
				CLANG_ENABLE_OBJC_ARC = YES;
				CLANG_ENABLE_OBJC_WEAK = YES;
				CLANG_WARN_BLOCK_CAPTURE_AUTORELEASING = YES;
				CLANG_WARN_BOOL_CONVERSION = YES;
				CLANG_WARN_COMMA = YES;
				CLANG_WARN_CONSTANT_CONVERSION = YES;
				CLANG_WARN_DEPRECATED_OBJC_IMPLEMENTATIONS = YES;
				CLANG_WARN_DIRECT_OBJC_ISA_USAGE = YES_ERROR;
				CLANG_WARN_DOCUMENTATION_COMMENTS = YES;
				CLANG_WARN_EMPTY_BODY = YES;
				CLANG_WARN_ENUM_CONVERSION = YES;
				CLANG_WARN_INFINITE_RECURSION = YES;
				CLANG_WARN_INT_CONVERSION = YES;
				CLANG_WARN_NON_LITERAL_NULL_CONVERSION = YES;
				CLANG_WARN_OBJC_IMPLICIT_RETAIN_SELF = YES;
				CLANG_WARN_OBJC_LITERAL_CONVERSION = YES;
				CLANG_WARN_OBJC_ROOT_CLASS = YES_ERROR;
				CLANG_WARN_QUOTED_INCLUDE_IN_FRAMEWORK_HEADER = YES;
				CLANG_WARN_RANGE_LOOP_ANALYSIS = YES;
				CLANG_WARN_STRICT_PROTOTYPES = YES;
				CLANG_WARN_SUSPICIOUS_MOVE = YES;
				CLANG_WARN_UNGUARDED_AVAILABILITY = YES_AGGRESSIVE;
				CLANG_WARN_UNREACHABLE_CODE = YES;
				CLANG_WARN__DUPLICATE_METHOD_MATCH = YES;
				COPY_PHASE_STRIP = NO;
				DEBUG_INFORMATION_FORMAT = "dwarf-with-dsym";
				ENABLE_NS_ASSERTIONS = NO;
				ENABLE_STRICT_OBJC_MSGSEND = YES;
				GCC_C_LANGUAGE_STANDARD = gnu11;
				GCC_NO_COMMON_BLOCKS = YES;
				GCC_WARN_64_TO_32_BIT_CONVERSION = YES;
				GCC_WARN_ABOUT_RETURN_TYPE = YES_ERROR;
				GCC_WARN_UNDECLARED_SELECTOR = YES;
				GCC_WARN_UNINITIALIZED_AUTOS = YES_AGGRESSIVE;
				GCC_WARN_UNUSED_FUNCTION = YES;
				GCC_WARN_UNUSED_VARIABLE = YES;
				IPHONEOS_DEPLOYMENT_TARGET = 14.2;
				MTL_ENABLE_DEBUG_INFO = NO;
				MTL_FAST_MATH = YES;
				SDKROOT = iphoneos;
				SWIFT_COMPILATION_MODE = wholemodule;
				SWIFT_OPTIMIZATION_LEVEL = "-O";
				VALIDATE_PRODUCT = YES;
			};
			name = Release;
		};
		AB426CAA2577AD5800B6625A /* Debug */ = {
			isa = XCBuildConfiguration;
			baseConfigurationReference = BD56E6BE604995C4D430E148 /* Pods-swiftUI-Simple-CMS.debug.xcconfig */;
			buildSettings = {
				ASSETCATALOG_COMPILER_APPICON_NAME = AppIcon;
				ASSETCATALOG_COMPILER_GLOBAL_ACCENT_COLOR_NAME = AccentColor;
				CODE_SIGN_STYLE = Automatic;
				DEVELOPMENT_ASSET_PATHS = "\"swiftUI-Simple-CMS/Preview Content\"";
				DEVELOPMENT_TEAM = ZD74G4QNW2;
				ENABLE_PREVIEWS = YES;
				INFOPLIST_FILE = "swiftUI-Simple-CMS/Info.plist";
				LD_RUNPATH_SEARCH_PATHS = (
					"$(inherited)",
					"@executable_path/Frameworks",
				);
				PRODUCT_BUNDLE_IDENTIFIER = "com.wgoweb.swiftUI-Simple-CMS";
				PRODUCT_NAME = "$(TARGET_NAME)";
				SWIFT_VERSION = 5.0;
				TARGETED_DEVICE_FAMILY = "1,2";
			};
			name = Debug;
		};
		AB426CAB2577AD5800B6625A /* Release */ = {
			isa = XCBuildConfiguration;
			baseConfigurationReference = B45C42F7889BB085491C0C1A /* Pods-swiftUI-Simple-CMS.release.xcconfig */;
			buildSettings = {
				ASSETCATALOG_COMPILER_APPICON_NAME = AppIcon;
				ASSETCATALOG_COMPILER_GLOBAL_ACCENT_COLOR_NAME = AccentColor;
				CODE_SIGN_STYLE = Automatic;
				DEVELOPMENT_ASSET_PATHS = "\"swiftUI-Simple-CMS/Preview Content\"";
				DEVELOPMENT_TEAM = ZD74G4QNW2;
				ENABLE_PREVIEWS = YES;
				INFOPLIST_FILE = "swiftUI-Simple-CMS/Info.plist";
				LD_RUNPATH_SEARCH_PATHS = (
					"$(inherited)",
					"@executable_path/Frameworks",
				);
				PRODUCT_BUNDLE_IDENTIFIER = "com.wgoweb.swiftUI-Simple-CMS";
				PRODUCT_NAME = "$(TARGET_NAME)";
				SWIFT_VERSION = 5.0;
				TARGETED_DEVICE_FAMILY = "1,2";
			};
			name = Release;
		};
/* End XCBuildConfiguration section */

/* Begin XCConfigurationList section */
		AB426C902577AD5600B6625A /* Build configuration list for PBXProject "swiftUI-Simple-CMS" */ = {
			isa = XCConfigurationList;
			buildConfigurations = (
				AB426CA72577AD5800B6625A /* Debug */,
				AB426CA82577AD5800B6625A /* Release */,
			);
			defaultConfigurationIsVisible = 0;
			defaultConfigurationName = Release;
		};
		AB426CA92577AD5800B6625A /* Build configuration list for PBXNativeTarget "swiftUI-Simple-CMS" */ = {
			isa = XCConfigurationList;
			buildConfigurations = (
				AB426CAA2577AD5800B6625A /* Debug */,
				AB426CAB2577AD5800B6625A /* Release */,
			);
			defaultConfigurationIsVisible = 0;
			defaultConfigurationName = Release;
		};
/* End XCConfigurationList section */

/* Begin XCRemoteSwiftPackageReference section */
		AB426CB12577AE5A00B6625A /* XCRemoteSwiftPackageReference "Kingfisher" */ = {
			isa = XCRemoteSwiftPackageReference;
			repositoryURL = "https://github.com/onevcat/Kingfisher.git";
			requirement = {
				kind = exactVersion;
				version = 5.15.8;
			};
		};
/* End XCRemoteSwiftPackageReference section */

/* Begin XCSwiftPackageProductDependency section */
		AB426CB22577AE5A00B6625A /* KingfisherSwiftUI */ = {
			isa = XCSwiftPackageProductDependency;
			package = AB426CB12577AE5A00B6625A /* XCRemoteSwiftPackageReference "Kingfisher" */;
			productName = KingfisherSwiftUI;
		};
/* End XCSwiftPackageProductDependency section */
	};
	rootObject = AB426C8D2577AD5600B6625A /* Project object */;
}
